
Microsoft Visual Studio Solution File, Format Version 12.00
# Visual Studio 14
VisualStudioVersion = 14.0.25420.1
MinimumVisualStudioVersion = 10.0.40219.1
Project("{FAE04EC0-301F-11D3-BF4B-00C04F79EFBC}") = "Elo Simulation", "Elo Simulation\Elo Simulation.csproj", "{A98FF2F0-D06E-486C-9F49-044EBF9B461B}"
EndProject
Global
	GlobalSection(SolutionConfigurationPlatforms) = preSolution
		Debug|Any CPU = Debug|Any CPU
		Release|Any CPU = Release|Any CPU
	EndGlobalSection
	GlobalSection(ProjectConfigurationPlatforms) = postSolution
		{A98FF2F0-D06E-486C-9F49-044EBF9B461B}.Debug|Any CPU.ActiveCfg = Debug|Any CPU
		{A98FF2F0-D06E-486C-9F49-044EBF9B461B}.Debug|Any CPU.Build.0 = Debug|Any CPU
		{A98FF2F0-D06E-486C-9F49-044EBF9B461B}.Release|Any CPU.ActiveCfg = Release|Any CPU
		{A98FF2F0-D06E-486C-9F49-044EBF9B461B}.Release|Any CPU.Build.0 = Release|Any CPU
	EndGlobalSection
	GlobalSection(SolutionProperties) = preSolution
		HideSolutionNode = FALSE
	EndGlobalSection
EndGlobal
